
Microsoft Visual Studio Solution File, Format Version 12.00
# Visual Studio Version 16
VisualStudioVersion = 16.0.33214.272
MinimumVisualStudioVersion = 10.0.40219.1
Project("{FAE04EC0-301F-11D3-BF4B-00C04F79EFBC}") = "App3", "App3.csproj", "{28F1F4EC-A3E2-4BA7-BC70-2AE9C5CA970D}"
EndProject
Global
	GlobalSection(SolutionConfigurationPlatforms) = preSolution
		Debug|Any CPU = Debug|Any CPU
		Release|Any CPU = Release|Any CPU
	EndGlobalSection
	GlobalSection(ProjectConfigurationPlatforms) = postSolution
		{28F1F4EC-A3E2-4BA7-BC70-2AE9C5CA970D}.Debug|Any CPU.ActiveCfg = Debug|Any CPU
		{28F1F4EC-A3E2-4BA7-BC70-2AE9C5CA970D}.Debug|Any CPU.Build.0 = Debug|Any CPU
		{28F1F4EC-A3E2-4BA7-BC70-2AE9C5CA970D}.Debug|Any CPU.Deploy.0 = Debug|Any CPU
		{28F1F4EC-A3E2-4BA7-BC70-2AE9C5CA970D}.Release|Any CPU.ActiveCfg = Release|Any CPU
		{28F1F4EC-A3E2-4BA7-BC70-2AE9C5CA970D}.Release|Any CPU.Build.0 = Release|Any CPU
		{28F1F4EC-A3E2-4BA7-BC70-2AE9C5CA970D}.Release|Any CPU.Deploy.0 = Release|Any CPU
	EndGlobalSection
	GlobalSection(SolutionProperties) = preSolution
		HideSolutionNode = FALSE
	EndGlobalSection
	GlobalSection(ExtensibilityGlobals) = postSolution
		SolutionGuid = {3410A82C-298A-42A7-9C44-5BD8D73F2C04}
	EndGlobalSection
EndGlobal
